
Microsoft Visual Studio Solution File, Format Version 12.00
# Visual Studio Version 17
VisualStudioVersion = 17.13.35919.96 d17.13
MinimumVisualStudioVersion = 10.0.40219.1
Project("{FAE04EC0-301F-11D3-BF4B-00C04F79EFBC}") = "421498_1w1_Gonzalo_Fernandez_Ejercicio_Entregable_1", "421498_1w1_Gonzalo_Fernandez_Ejercicio_Entregable_1.csproj", "{2EC51C86-7B2C-4C27-ABFA-42B3F219C719}"
EndProject
Project("{2150E333-8FDC-42A3-9474-1A3956D46DE8}") = "Elementos de la solución", "Elementos de la solución", "{D107F4C8-89CC-BEA8-D3D7-CA6B7733353D}"
	ProjectSection(SolutionItems) = preProject
		.gitignore = .gitignore
	EndProjectSection
EndProject
Global
	GlobalSection(SolutionConfigurationPlatforms) = preSolution
		Debug|Any CPU = Debug|Any CPU
		Release|Any CPU = Release|Any CPU
	EndGlobalSection
	GlobalSection(ProjectConfigurationPlatforms) = postSolution
		{2EC51C86-7B2C-4C27-ABFA-42B3F219C719}.Debug|Any CPU.ActiveCfg = Debug|Any CPU
		{2EC51C86-7B2C-4C27-ABFA-42B3F219C719}.Debug|Any CPU.Build.0 = Debug|Any CPU
		{2EC51C86-7B2C-4C27-ABFA-42B3F219C719}.Release|Any CPU.ActiveCfg = Release|Any CPU
		{2EC51C86-7B2C-4C27-ABFA-42B3F219C719}.Release|Any CPU.Build.0 = Release|Any CPU
	EndGlobalSection
	GlobalSection(SolutionProperties) = preSolution
		HideSolutionNode = FALSE
	EndGlobalSection
	GlobalSection(ExtensibilityGlobals) = postSolution
		SolutionGuid = {A6A33237-559B-468A-87D8-35D5D791C69C}
	EndGlobalSection
EndGlobal
